
Microsoft Visual Studio Solution File, Format Version 12.00
# Visual Studio Version 17
VisualStudioVersion = 17.0.32126.317
MinimumVisualStudioVersion = 10.0.40219.1
Project("{9A19103F-16F7-4668-BE54-9A1E7A4F7556}") = "BigMacReporter", "BigMacReporter\BigMacReporter.csproj", "{BF84F0A4-D8A8-485D-921C-30036A8D8DB0}"
EndProject
Project("{FAE04EC0-301F-11D3-BF4B-00C04F79EFBC}") = "TwitterAuth", "TwitterAuth\TwitterAuth.csproj", "{D2E5EB4A-C63C-4B36-99B0-D295E9391A8B}"
EndProject
Project("{9092AA53-FB77-4645-B42D-1CCCA6BD08BD}") = "NodejsConsoleApp1", "NodejsConsoleApp1\NodejsConsoleApp1.njsproj", "{06D6AC5F-ED2D-4F1B-9C21-C6C1DA200890}"
EndProject
Global
	GlobalSection(SolutionConfigurationPlatforms) = preSolution
		Debug|Any CPU = Debug|Any CPU
		Release|Any CPU = Release|Any CPU
	EndGlobalSection
	GlobalSection(ProjectConfigurationPlatforms) = postSolution
		{BF84F0A4-D8A8-485D-921C-30036A8D8DB0}.Debug|Any CPU.ActiveCfg = Debug|Any CPU
		{BF84F0A4-D8A8-485D-921C-30036A8D8DB0}.Debug|Any CPU.Build.0 = Debug|Any CPU
		{BF84F0A4-D8A8-485D-921C-30036A8D8DB0}.Release|Any CPU.ActiveCfg = Release|Any CPU
		{BF84F0A4-D8A8-485D-921C-30036A8D8DB0}.Release|Any CPU.Build.0 = Release|Any CPU
		{D2E5EB4A-C63C-4B36-99B0-D295E9391A8B}.Debug|Any CPU.ActiveCfg = Debug|Any CPU
		{D2E5EB4A-C63C-4B36-99B0-D295E9391A8B}.Debug|Any CPU.Build.0 = Debug|Any CPU
		{D2E5EB4A-C63C-4B36-99B0-D295E9391A8B}.Release|Any CPU.ActiveCfg = Release|Any CPU
		{D2E5EB4A-C63C-4B36-99B0-D295E9391A8B}.Release|Any CPU.Build.0 = Release|Any CPU
		{06D6AC5F-ED2D-4F1B-9C21-C6C1DA200890}.Debug|Any CPU.ActiveCfg = Debug|Any CPU
		{06D6AC5F-ED2D-4F1B-9C21-C6C1DA200890}.Debug|Any CPU.Build.0 = Debug|Any CPU
		{06D6AC5F-ED2D-4F1B-9C21-C6C1DA200890}.Release|Any CPU.ActiveCfg = Release|Any CPU
		{06D6AC5F-ED2D-4F1B-9C21-C6C1DA200890}.Release|Any CPU.Build.0 = Release|Any CPU
	EndGlobalSection
	GlobalSection(SolutionProperties) = preSolution
		HideSolutionNode = FALSE
	EndGlobalSection
	GlobalSection(ExtensibilityGlobals) = postSolution
		SolutionGuid = {2EF57398-C5C0-44EC-AFC9-CC3BFCA4AB09}
	EndGlobalSection
EndGlobal
